
Microsoft Visual Studio Solution File, Format Version 12.00
# Visual Studio Version 16
VisualStudioVersion = 16.0.31424.327
MinimumVisualStudioVersion = 10.0.40219.1
Project("{FAE04EC0-301F-11D3-BF4B-00C04F79EFBC}") = "Todos.API", "Todos.API\Todos.API.csproj", "{388FFDB2-E00A-4B10-B274-349342FFB23A}"
EndProject
Global
	GlobalSection(SolutionConfigurationPlatforms) = preSolution
		Debug|Any CPU = Debug|Any CPU
		Release|Any CPU = Release|Any CPU
	EndGlobalSection
	GlobalSection(ProjectConfigurationPlatforms) = postSolution
		{388FFDB2-E00A-4B10-B274-349342FFB23A}.Debug|Any CPU.ActiveCfg = Debug|Any CPU
		{388FFDB2-E00A-4B10-B274-349342FFB23A}.Debug|Any CPU.Build.0 = Debug|Any CPU
		{388FFDB2-E00A-4B10-B274-349342FFB23A}.Release|Any CPU.ActiveCfg = Release|Any CPU
		{388FFDB2-E00A-4B10-B274-349342FFB23A}.Release|Any CPU.Build.0 = Release|Any CPU
	EndGlobalSection
	GlobalSection(SolutionProperties) = preSolution
		HideSolutionNode = FALSE
	EndGlobalSection
	GlobalSection(ExtensibilityGlobals) = postSolution
		SolutionGuid = {A1CE0809-2F25-4751-BA2C-4FDE6C342CCD}
	EndGlobalSection
EndGlobal
